{
  "requires": true,
  "lockfileVersion": 1,
  "dependencies": {
    "vue-lab": {
      "version": "file:vue",
      "requires": {
        "vue": "2.5.13",
        "vue-router": "2.8.1",
        "vuex": "2.5.0"
      },
      "dependencies": {
        "vue": {
          "version": "2.5.13",
          "bundled": true
        },
        "vuex": {
          "version": "2.5.0",
          "bundled": true
        }
      }
    },
    "vue-router": {
      "version": "2.8.1",
      "resolved": "https://registry.npmjs.org/vue-router/-/vue-router-2.8.1.tgz",
      "integrity": "sha512-MC4jacHBhTPKtmcfzvaj2N7g6jgJ/Z/eIjZdt+yUaUOM1iKC0OUIlO/xCtz6OZFFTNUJs/1YNro2GN/lE+nOXA=="
    }
  }
}
